
Microsoft Visual Studio Solution File, Format Version 12.00
# Visual Studio 15
VisualStudioVersion = 15.0.28307.438
MinimumVisualStudioVersion = 10.0.40219.1
Project("{E24C65DC-7377-472B-9ABA-BC803B73C61A}") = "Paso_1", "Paso_1\", "{F29C2B37-F570-4818-B6F0-AA26298C5D44}"
	ProjectSection(WebsiteProperties) = preProject
		TargetFrameworkMoniker = ".NETFramework,Version%3Dv4.6.1"
		Debug.AspNetCompiler.VirtualPath = "/localhost_3106"
		Debug.AspNetCompiler.PhysicalPath = "Paso_1\"
		Debug.AspNetCompiler.TargetPath = "PrecompiledWeb\localhost_3106\"
		Debug.AspNetCompiler.Updateable = "true"
		Debug.AspNetCompiler.ForceOverwrite = "true"
		Debug.AspNetCompiler.FixedNames = "false"
		Debug.AspNetCompiler.Debug = "True"
		Release.AspNetCompiler.VirtualPath = "/localhost_3106"
		Release.AspNetCompiler.PhysicalPath = "Paso_1\"
		Release.AspNetCompiler.TargetPath = "PrecompiledWeb\localhost_3106\"
		Release.AspNetCompiler.Updateable = "true"
		Release.AspNetCompiler.ForceOverwrite = "true"
		Release.AspNetCompiler.FixedNames = "false"
		Release.AspNetCompiler.Debug = "False"
		VWDPort = "3106"
		SlnRelativePath = "Paso_1\"
		DefaultWebSiteLanguage = "Visual Basic"
	EndProjectSection
EndProject
Global
	GlobalSection(SolutionConfigurationPlatforms) = preSolution
		Debug|Any CPU = Debug|Any CPU
	EndGlobalSection
	GlobalSection(ProjectConfigurationPlatforms) = postSolution
		{F29C2B37-F570-4818-B6F0-AA26298C5D44}.Debug|Any CPU.ActiveCfg = Debug|Any CPU
		{F29C2B37-F570-4818-B6F0-AA26298C5D44}.Debug|Any CPU.Build.0 = Debug|Any CPU
	EndGlobalSection
	GlobalSection(SolutionProperties) = preSolution
		HideSolutionNode = FALSE
	EndGlobalSection
	GlobalSection(ExtensibilityGlobals) = postSolution
		SolutionGuid = {F832F1AF-A95E-45BF-82E4-11AFD34776ED}
	EndGlobalSection
EndGlobal
